<?xml version="1.0" encoding="utf-8"?>
<Project ToolsVersion="4.0" xmlns="http://schemas.microsoft.com/developer/msbuild/2003">
  <ItemGroup>
    <ClCompile Include="Main.cpp" />
    <ClCompile Include="WindowClass\Window.cpp" />
    <ClCompile Include="Game\Game.cpp" />
    <ClCompile Include="Input\Keyboard.cpp" />
    <ClCompile Include="Input\Mouse.cpp" />
    <ClCompile Include="Common\Math\Vector3.cpp" />
    <ClCompile Include="Graphics\Graphics.cpp" />
    <ClCompile Include="Imgui\imgui.cpp" />
    <ClCompile Include="Imgui\imgui_impl_dx11.cpp" />
    <ClCompile Include="Imgui\imgui_impl_win32.cpp" />
    <ClCompile Include="Imgui\ImguiManager.cpp" />
    <ClCompile Include="Imgui\imgui_draw.cpp" />
    <ClCompile Include="Imgui\imgui_demo.cpp" />
    <ClCompile Include="Imgui\imgui_tables.cpp" />
    <ClCompile Include="Imgui\imgui_widgets.cpp" />
    <ClCompile Include="Graphics\Resource\VertexShader.cpp" />
    <ClCompile Include="Graphics\Resource\PixelShader.cpp" />
    <ClCompile Include="Graphics\Resource\InputLayout.cpp" />
    <ClCompile Include="Entity\Cube.cpp" />
    <ClCompile Include="Entity\Triangle.cpp" />
    <ClCompile Include="Graphics\Resource\VertexBuffer.cpp" />
    <ClCompile Include="Graphics\Resource\IndexBuffer.cpp" />
    <ClCompile Include="Graphics\Resource\ConstantBuffer.cpp" />
    <ClCompile Include="Camera\Camera.cpp" />
    <ClCompile Include="Entity\Entity.cpp" />
    <ClCompile Include="Common\Math\Matrix3x3.cpp" />
    <ClCompile Include="Common\Math\MathUtils.cpp" />
    <ClCompile Include="Graphics\Resource\Texture.cpp" />
    <ClCompile Include="Entity\Plane.cpp" />
    <ClCompile Include="Common\External\LoadImage.cpp" />
    <ClCompile Include="Entity\DebugEntity\DebugLine.cpp" />
    <ClCompile Include="Common\Randomizer.cpp" />
    <ClCompile Include="Light\PointLight.cpp" />
    <ClCompile Include="Entity\Sphere.cpp" />
    <ClCompile Include="Entity\DebugEntity\DebugSphere.cpp" />
  </ItemGroup>
  <ItemGroup>
    <ClInclude Include="WindowClass\Window.h" />
    <ClInclude Include="Game\Game.h" />
    <ClInclude Include="Input\Keyboard.h" />
    <ClInclude Include="Input\Mouse.h" />
    <ClInclude Include="Common\constants.h" />
    <ClInclude Include="Common\pch.h" />
    <ClInclude Include="Common\Math\Vector3.h" />
    <ClInclude Include="Graphics\Graphics.h" />
    <ClInclude Include="Timer\Timer.h" />
    <ClInclude Include="Common\Timer.h" />
    <ClInclude Include="Common\DirectX\ReadData.h" />
    <ClInclude Include="Common\Randomizer.h" />
    <ClInclude Include="Imgui\imgui.h" />
    <ClInclude Include="Imgui\imgui_impl_dx11.h" />
    <ClInclude Include="Imgui\imgui_impl_win32.h" />
    <ClInclude Include="Imgui\imgui_internal.h" />
    <ClInclude Include="Imgui\imconfig.h" />
    <ClInclude Include="Imgui\ImguiManager.h" />
    <ClInclude Include="Imgui\imstb_textedit.h" />
    <ClInclude Include="Graphics\Resource\InputLayout.h" />
    <ClInclude Include="Graphics\Resource\VertexShader.h" />
    <ClInclude Include="Graphics\Resource\PixelShader.h" />
    <ClInclude Include="Graphics\Resource\GraphicsResource.h" />
    <ClInclude Include="Entity\Cube.h" />
    <ClInclude Include="Entity\Entity.h" />
    <ClInclude Include="Entity\Triangle.h" />
    <ClInclude Include="Graphics\Resource\ConstantBuffer.h" />
    <ClInclude Include="Graphics\Resource\IndexBuffer.h" />
    <ClInclude Include="Graphics\Resource\VertexBuffer.h" />
    <ClInclude Include="Camera\Camera.h" />
    <ClInclude Include="Common\Math\Matrix3x3.h" />
    <ClInclude Include="Common\Math\MathUtils.h" />
    <ClInclude Include="Graphics\Resource\Texture.h" />
    <ClInclude Include="Entity\Plane.h" />
    <ClInclude Include="Common\Vertex.h" />
    <ClInclude Include="Common\External\ReadData.h" />
    <ClInclude Include="Common\External\LoadImage.h" />
    <ClInclude Include="Common\External\FindMedia.h" />
    <ClInclude Include="Entity\DebugEntity\DebugLine.h" />
    <ClInclude Include="Imgui\imstb_rectpack.h" />
    <ClInclude Include="Imgui\imstb_truetype.h" />
    <ClInclude Include="Light\PointLight.h" />
    <ClInclude Include="Entity\Sphere.h" />
    <ClInclude Include="Entity\DebugEntity\DebugSphere.h" />
  </ItemGroup>
  <ItemGroup>
    <FxCompile Include="Shader\GouraudPixelShader.hlsl" />
    <FxCompile Include="Shader\GouraudVertexShader.hlsl" />
    <FxCompile Include="Shader\TextureVertexShader.hlsl" />
    <FxCompile Include="Shader\TexturePixelShader.hlsl" />
    <FxCompile Include="Shader\PhongVertexShader.hlsl" />
    <FxCompile Include="Shader\PhongPixelShader.hlsl" />
    <FxCompile Include="Shader\BasicVertexShader.hlsl" />
    <FxCompile Include="Shader\BasicPixelShader.hlsl" />
    <FxCompile Include="Shader\TexturePhongPixelShader.hlsl" />
    <FxCompile Include="Shader\TexturePhongVertexShader.hlsl" />
    <FxCompile Include="Shader\TextureGouraudPixelShader.hlsl" />
    <FxCompile Include="Shader\TextureGouraudVertexShader.hlsl" />
  </ItemGroup>
  <ItemGroup>
    <None Include="imgui.ini" />
  </ItemGroup>
</Project>